
Microsoft Visual Studio Solution File, Format Version 12.00
# Visual Studio Version 16
VisualStudioVersion = 16.0.31105.61
MinimumVisualStudioVersion = 10.0.40219.1
Project("{9A19103F-16F7-4668-BE54-9A1E7A4F7556}") = "Lab4.3PrimeNumbers", "Lab4.3PrimeNumbers\Lab4.3PrimeNumbers.csproj", "{BAAC09A3-BCBA-43CE-9E08-04E152EC136D}"
EndProject
Project("{FAE04EC0-301F-11D3-BF4B-00C04F79EFBC}") = "PrimeNumbersTests", "PrimeNumbersTests\PrimeNumbersTests.csproj", "{96DA1225-319E-448C-9D2A-862C7E0786B4}"
EndProject
Global
	GlobalSection(SolutionConfigurationPlatforms) = preSolution
		Debug|Any CPU = Debug|Any CPU
		Release|Any CPU = Release|Any CPU
	EndGlobalSection
	GlobalSection(ProjectConfigurationPlatforms) = postSolution
		{BAAC09A3-BCBA-43CE-9E08-04E152EC136D}.Debug|Any CPU.ActiveCfg = Debug|Any CPU
		{BAAC09A3-BCBA-43CE-9E08-04E152EC136D}.Debug|Any CPU.Build.0 = Debug|Any CPU
		{BAAC09A3-BCBA-43CE-9E08-04E152EC136D}.Release|Any CPU.ActiveCfg = Release|Any CPU
		{BAAC09A3-BCBA-43CE-9E08-04E152EC136D}.Release|Any CPU.Build.0 = Release|Any CPU
		{96DA1225-319E-448C-9D2A-862C7E0786B4}.Debug|Any CPU.ActiveCfg = Debug|Any CPU
		{96DA1225-319E-448C-9D2A-862C7E0786B4}.Debug|Any CPU.Build.0 = Debug|Any CPU
		{96DA1225-319E-448C-9D2A-862C7E0786B4}.Release|Any CPU.ActiveCfg = Release|Any CPU
		{96DA1225-319E-448C-9D2A-862C7E0786B4}.Release|Any CPU.Build.0 = Release|Any CPU
	EndGlobalSection
	GlobalSection(SolutionProperties) = preSolution
		HideSolutionNode = FALSE
	EndGlobalSection
	GlobalSection(ExtensibilityGlobals) = postSolution
		SolutionGuid = {51454BF8-9491-49FE-8831-6344AD809273}
	EndGlobalSection
EndGlobal
